
Microsoft Visual Studio Solution File, Format Version 12.00
# Visual Studio Version 17
VisualStudioVersion = 17.13.35828.75 d17.13
MinimumVisualStudioVersion = 10.0.40219.1
Project("{FAE04EC0-301F-11D3-BF4B-00C04F79EFBC}") = "DelegateExamples", "C sharpConcepts\DelegateExamples.csproj", "{539AC82A-C614-4812-845C-7DE540130E6D}"
EndProject
Project("{FAE04EC0-301F-11D3-BF4B-00C04F79EFBC}") = "EventHandlingExamples", "EventHandlingExamples\EventHandlingExamples.csproj", "{B8972F41-CD2E-42D1-93B4-156DBED21779}"
EndProject
Global
	GlobalSection(SolutionConfigurationPlatforms) = preSolution
		Debug|Any CPU = Debug|Any CPU
		Release|Any CPU = Release|Any CPU
	EndGlobalSection
	GlobalSection(ProjectConfigurationPlatforms) = postSolution
		{539AC82A-C614-4812-845C-7DE540130E6D}.Debug|Any CPU.ActiveCfg = Debug|Any CPU
		{539AC82A-C614-4812-845C-7DE540130E6D}.Debug|Any CPU.Build.0 = Debug|Any CPU
		{539AC82A-C614-4812-845C-7DE540130E6D}.Release|Any CPU.ActiveCfg = Release|Any CPU
		{539AC82A-C614-4812-845C-7DE540130E6D}.Release|Any CPU.Build.0 = Release|Any CPU
		{B8972F41-CD2E-42D1-93B4-156DBED21779}.Debug|Any CPU.ActiveCfg = Debug|Any CPU
		{B8972F41-CD2E-42D1-93B4-156DBED21779}.Debug|Any CPU.Build.0 = Debug|Any CPU
		{B8972F41-CD2E-42D1-93B4-156DBED21779}.Release|Any CPU.ActiveCfg = Release|Any CPU
		{B8972F41-CD2E-42D1-93B4-156DBED21779}.Release|Any CPU.Build.0 = Release|Any CPU
	EndGlobalSection
	GlobalSection(SolutionProperties) = preSolution
		HideSolutionNode = FALSE
	EndGlobalSection
	GlobalSection(ExtensibilityGlobals) = postSolution
		SolutionGuid = {C9491BE7-6F9D-4B7D-9D8F-CDB1166A361C}
	EndGlobalSection
EndGlobal
